
Microsoft Visual Studio Solution File, Format Version 12.00
# Visual Studio Version 17
VisualStudioVersion = 17.14.36623.8
MinimumVisualStudioVersion = 10.0.40219.1
Project("{FAE04EC0-301F-11D3-BF4B-00C04F79EFBC}") = "MyAppApi", "MyAppApi.csproj", "{629309DC-8FC0-FF63-DEDB-D9B4669AEC9B}"
EndProject
Global
	GlobalSection(SolutionConfigurationPlatforms) = preSolution
		Debug|Any CPU = Debug|Any CPU
		Release|Any CPU = Release|Any CPU
	EndGlobalSection
	GlobalSection(ProjectConfigurationPlatforms) = postSolution
		{629309DC-8FC0-FF63-DEDB-D9B4669AEC9B}.Debug|Any CPU.ActiveCfg = Debug|Any CPU
		{629309DC-8FC0-FF63-DEDB-D9B4669AEC9B}.Debug|Any CPU.Build.0 = Debug|Any CPU
		{629309DC-8FC0-FF63-DEDB-D9B4669AEC9B}.Release|Any CPU.ActiveCfg = Release|Any CPU
		{629309DC-8FC0-FF63-DEDB-D9B4669AEC9B}.Release|Any CPU.Build.0 = Release|Any CPU
	EndGlobalSection
	GlobalSection(SolutionProperties) = preSolution
		HideSolutionNode = FALSE
	EndGlobalSection
	GlobalSection(ExtensibilityGlobals) = postSolution
		SolutionGuid = {0F9C326B-3E7D-458A-930D-777872D5EEA0}
	EndGlobalSection
EndGlobal
